
Microsoft Visual Studio Solution File, Format Version 12.00
# Visual Studio Version 17
VisualStudioVersion = 17.4.33103.184
MinimumVisualStudioVersion = 10.0.40219.1
Project("{FAE04EC0-301F-11D3-BF4B-00C04F79EFBC}") = "GCH1006_Lession03", "GCH1006_Lession03.csproj", "{8542EFB5-3C96-4F54-9954-AB45FC2D5C2E}"
EndProject
Global
	GlobalSection(SolutionConfigurationPlatforms) = preSolution
		Debug|Any CPU = Debug|Any CPU
		Release|Any CPU = Release|Any CPU
	EndGlobalSection
	GlobalSection(ProjectConfigurationPlatforms) = postSolution
		{8542EFB5-3C96-4F54-9954-AB45FC2D5C2E}.Debug|Any CPU.ActiveCfg = Debug|Any CPU
		{8542EFB5-3C96-4F54-9954-AB45FC2D5C2E}.Debug|Any CPU.Build.0 = Debug|Any CPU
		{8542EFB5-3C96-4F54-9954-AB45FC2D5C2E}.Release|Any CPU.ActiveCfg = Release|Any CPU
		{8542EFB5-3C96-4F54-9954-AB45FC2D5C2E}.Release|Any CPU.Build.0 = Release|Any CPU
	EndGlobalSection
	GlobalSection(SolutionProperties) = preSolution
		HideSolutionNode = FALSE
	EndGlobalSection
	GlobalSection(ExtensibilityGlobals) = postSolution
		SolutionGuid = {1BF45B17-71C8-4BF0-A76A-1C3435011235}
	EndGlobalSection
EndGlobal
