
Microsoft Visual Studio Solution File, Format Version 12.00
# Visual Studio Version 17
VisualStudioVersion = 17.4.33103.184
MinimumVisualStudioVersion = 10.0.40219.1
Project("{FAE04EC0-301F-11D3-BF4B-00C04F79EFBC}") = "GCH1006_Lession02", "GCH1006_Lession02.csproj", "{5C97D9A3-6168-42AB-A128-63F2893D38EC}"
EndProject
Global
	GlobalSection(SolutionConfigurationPlatforms) = preSolution
		Debug|Any CPU = Debug|Any CPU
		Release|Any CPU = Release|Any CPU
	EndGlobalSection
	GlobalSection(ProjectConfigurationPlatforms) = postSolution
		{5C97D9A3-6168-42AB-A128-63F2893D38EC}.Debug|Any CPU.ActiveCfg = Debug|Any CPU
		{5C97D9A3-6168-42AB-A128-63F2893D38EC}.Debug|Any CPU.Build.0 = Debug|Any CPU
		{5C97D9A3-6168-42AB-A128-63F2893D38EC}.Release|Any CPU.ActiveCfg = Release|Any CPU
		{5C97D9A3-6168-42AB-A128-63F2893D38EC}.Release|Any CPU.Build.0 = Release|Any CPU
	EndGlobalSection
	GlobalSection(SolutionProperties) = preSolution
		HideSolutionNode = FALSE
	EndGlobalSection
	GlobalSection(ExtensibilityGlobals) = postSolution
		SolutionGuid = {F5672C8C-0D9E-49E7-84F6-8D7E18CEBCE5}
	EndGlobalSection
EndGlobal
