
Microsoft Visual Studio Solution File, Format Version 12.00
# Visual Studio Version 17
VisualStudioVersion = 17.4.33103.184
MinimumVisualStudioVersion = 10.0.40219.1
Project("{FAE04EC0-301F-11D3-BF4B-00C04F79EFBC}") = "GiftBasket", "GiftBasket\GiftBasket.csproj", "{8020A271-412D-4E67-AB68-17FF14EAC0FA}"
EndProject
Project("{FAE04EC0-301F-11D3-BF4B-00C04F79EFBC}") = "Asm2", "Asm2\Asm2.csproj", "{F147C704-519B-40FE-99A7-659FF8799B39}"
EndProject
Global
	GlobalSection(SolutionConfigurationPlatforms) = preSolution
		Debug|Any CPU = Debug|Any CPU
		Release|Any CPU = Release|Any CPU
	EndGlobalSection
	GlobalSection(ProjectConfigurationPlatforms) = postSolution
		{8020A271-412D-4E67-AB68-17FF14EAC0FA}.Debug|Any CPU.ActiveCfg = Debug|Any CPU
		{8020A271-412D-4E67-AB68-17FF14EAC0FA}.Debug|Any CPU.Build.0 = Debug|Any CPU
		{8020A271-412D-4E67-AB68-17FF14EAC0FA}.Release|Any CPU.ActiveCfg = Release|Any CPU
		{8020A271-412D-4E67-AB68-17FF14EAC0FA}.Release|Any CPU.Build.0 = Release|Any CPU
		{F147C704-519B-40FE-99A7-659FF8799B39}.Debug|Any CPU.ActiveCfg = Debug|Any CPU
		{F147C704-519B-40FE-99A7-659FF8799B39}.Debug|Any CPU.Build.0 = Debug|Any CPU
		{F147C704-519B-40FE-99A7-659FF8799B39}.Release|Any CPU.ActiveCfg = Release|Any CPU
		{F147C704-519B-40FE-99A7-659FF8799B39}.Release|Any CPU.Build.0 = Release|Any CPU
	EndGlobalSection
	GlobalSection(SolutionProperties) = preSolution
		HideSolutionNode = FALSE
	EndGlobalSection
	GlobalSection(ExtensibilityGlobals) = postSolution
		SolutionGuid = {83EE8EE6-4BA7-4EFC-9E51-2831C060F8B7}
	EndGlobalSection
EndGlobal
