
Microsoft Visual Studio Solution File, Format Version 12.00
# Visual Studio Version 17
VisualStudioVersion = 17.4.33103.184
MinimumVisualStudioVersion = 10.0.40219.1
Project("{FAE04EC0-301F-11D3-BF4B-00C04F79EFBC}") = "Decorator", "Decorator\Decorator.csproj", "{34A1C056-510F-45F0-BFA4-43E9B9891133}"
EndProject
Global
	GlobalSection(SolutionConfigurationPlatforms) = preSolution
		Debug|Any CPU = Debug|Any CPU
		Release|Any CPU = Release|Any CPU
	EndGlobalSection
	GlobalSection(ProjectConfigurationPlatforms) = postSolution
		{34A1C056-510F-45F0-BFA4-43E9B9891133}.Debug|Any CPU.ActiveCfg = Debug|Any CPU
		{34A1C056-510F-45F0-BFA4-43E9B9891133}.Debug|Any CPU.Build.0 = Debug|Any CPU
		{34A1C056-510F-45F0-BFA4-43E9B9891133}.Release|Any CPU.ActiveCfg = Release|Any CPU
		{34A1C056-510F-45F0-BFA4-43E9B9891133}.Release|Any CPU.Build.0 = Release|Any CPU
	EndGlobalSection
	GlobalSection(SolutionProperties) = preSolution
		HideSolutionNode = FALSE
	EndGlobalSection
	GlobalSection(ExtensibilityGlobals) = postSolution
		SolutionGuid = {988EAA02-C98E-4857-A96C-FFD1F695BDDC}
	EndGlobalSection
EndGlobal
