
Microsoft Visual Studio Solution File, Format Version 12.00
# Visual Studio Version 17
VisualStudioVersion = 17.4.33103.184
MinimumVisualStudioVersion = 10.0.40219.1
Project("{FAE04EC0-301F-11D3-BF4B-00C04F79EFBC}") = "GCH1006_Lession01", "GCH1006_Lession01.csproj", "{3D842BC6-2627-4C13-8EEF-9366047C2517}"
EndProject
Global
	GlobalSection(SolutionConfigurationPlatforms) = preSolution
		Debug|Any CPU = Debug|Any CPU
		Release|Any CPU = Release|Any CPU
	EndGlobalSection
	GlobalSection(ProjectConfigurationPlatforms) = postSolution
		{3D842BC6-2627-4C13-8EEF-9366047C2517}.Debug|Any CPU.ActiveCfg = Debug|Any CPU
		{3D842BC6-2627-4C13-8EEF-9366047C2517}.Debug|Any CPU.Build.0 = Debug|Any CPU
		{3D842BC6-2627-4C13-8EEF-9366047C2517}.Release|Any CPU.ActiveCfg = Release|Any CPU
		{3D842BC6-2627-4C13-8EEF-9366047C2517}.Release|Any CPU.Build.0 = Release|Any CPU
	EndGlobalSection
	GlobalSection(SolutionProperties) = preSolution
		HideSolutionNode = FALSE
	EndGlobalSection
	GlobalSection(ExtensibilityGlobals) = postSolution
		SolutionGuid = {5EDAB249-4C5E-4202-9445-37543675022D}
	EndGlobalSection
EndGlobal
